
Microsoft Visual Studio Solution File, Format Version 12.00
# Visual Studio 15
VisualStudioVersion = 15.0.27004.2002
MinimumVisualStudioVersion = 10.0.40219.1
Project("{FAE04EC0-301F-11D3-BF4B-00C04F79EFBC}") = "WindowsFormsApp2", "WindowsFormsApp2\WindowsFormsApp2.csproj", "{5753AA54-1213-4CC9-B44F-0A42C7F256E1}"
EndProject
Project("{2150E333-8FDC-42A3-9474-1A3956D46DE8}") = "buisnice layer", "buisnice layer", "{A2357C99-9A65-4219-8263-E3C1E5BDAF90}"
	ProjectSection(SolutionItems) = preProject
		Class1.cs = Class1.cs
	EndProjectSection
EndProject
Project("{2150E333-8FDC-42A3-9474-1A3956D46DE8}") = "Presentation Layer", "Presentation Layer", "{229FC906-C662-4876-ABC1-560618952876}"
EndProject
Project("{2150E333-8FDC-42A3-9474-1A3956D46DE8}") = "Data Layer", "Data Layer", "{8CAB1540-08A5-4B25-B9F4-C7774774E500}"
	ProjectSection(SolutionItems) = preProject
		XMLFile2.xml = XMLFile2.xml
		XMLSchema1.xsd = XMLSchema1.xsd
	EndProjectSection
EndProject
Global
	GlobalSection(SolutionConfigurationPlatforms) = preSolution
		Debug|Any CPU = Debug|Any CPU
		Release|Any CPU = Release|Any CPU
	EndGlobalSection
	GlobalSection(ProjectConfigurationPlatforms) = postSolution
		{5753AA54-1213-4CC9-B44F-0A42C7F256E1}.Debug|Any CPU.ActiveCfg = Debug|Any CPU
		{5753AA54-1213-4CC9-B44F-0A42C7F256E1}.Debug|Any CPU.Build.0 = Debug|Any CPU
		{5753AA54-1213-4CC9-B44F-0A42C7F256E1}.Release|Any CPU.ActiveCfg = Release|Any CPU
		{5753AA54-1213-4CC9-B44F-0A42C7F256E1}.Release|Any CPU.Build.0 = Release|Any CPU
	EndGlobalSection
	GlobalSection(SolutionProperties) = preSolution
		HideSolutionNode = FALSE
	EndGlobalSection
	GlobalSection(NestedProjects) = preSolution
		{5753AA54-1213-4CC9-B44F-0A42C7F256E1} = {229FC906-C662-4876-ABC1-560618952876}
	EndGlobalSection
	GlobalSection(ExtensibilityGlobals) = postSolution
		SolutionGuid = {30A1D00C-EFD7-4441-9579-0CDB5CD3B3BE}
	EndGlobalSection
EndGlobal
